// !$*UTF8*$!
{
	archiveVersion = 1;
	classes = {
	};
	objectVersion = 56;
	objects = {

/* Begin PBXBuildFile section */
		3E92FBEF2C208C4E00989B12 /* AppDelegate.swift in Sources */ = {isa = PBXBuildFile; fileRef = 3E92FBEE2C208C4E00989B12 /* AppDelegate.swift */; };
		3E92FBF12C208C4E00989B12 /* SceneDelegate.swift in Sources */ = {isa = PBXBuildFile; fileRef = 3E92FBF02C208C4E00989B12 /* SceneDelegate.swift */; };
		3E92FBF62C208C4E00989B12 /* Base in Resources */ = {isa = PBXBuildFile; fileRef = 3E92FBF52C208C4E00989B12 /* Base */; };
		3E92FBF92C208C4E00989B12 /* Reciplease.xcdatamodeld in Sources */ = {isa = PBXBuildFile; fileRef = 3E92FBF72C208C4E00989B12 /* Reciplease.xcdatamodeld */; };
		3E92FBFB2C208C4F00989B12 /* Assets.xcassets in Resources */ = {isa = PBXBuildFile; fileRef = 3E92FBFA2C208C4F00989B12 /* Assets.xcassets */; };
		3E92FBFE2C208C4F00989B12 /* Base in Resources */ = {isa = PBXBuildFile; fileRef = 3E92FBFD2C208C4F00989B12 /* Base */; };
		3E92FC092C208C4F00989B12 /* RecipleaseTests.swift in Sources */ = {isa = PBXBuildFile; fileRef = 3E92FC082C208C4F00989B12 /* RecipleaseTests.swift */; };
		3E92FC132C208C4F00989B12 /* RecipleaseUITests.swift in Sources */ = {isa = PBXBuildFile; fileRef = 3E92FC122C208C4F00989B12 /* RecipleaseUITests.swift */; };
		3E92FC152C208C4F00989B12 /* RecipleaseUITestsLaunchTests.swift in Sources */ = {isa = PBXBuildFile; fileRef = 3E92FC142C208C4F00989B12 /* RecipleaseUITestsLaunchTests.swift */; };
		3E92FC272C2D6CE600989B12 /* searchViewController.swift in Sources */ = {isa = PBXBuildFile; fileRef = 3E92FC262C2D6CE600989B12 /* searchViewController.swift */; };
		3E92FC292C2D6CFD00989B12 /* favoriteViewController.swift in Sources */ = {isa = PBXBuildFile; fileRef = 3E92FC282C2D6CFD00989B12 /* favoriteViewController.swift */; };
		3E92FC2B2C2DA0B100989B12 /* RecipeService.swift in Sources */ = {isa = PBXBuildFile; fileRef = 3E92FC2A2C2DA0B100989B12 /* RecipeService.swift */; };
		3E92FC2E2C2DA73A00989B12 /* Alamofire in Frameworks */ = {isa = PBXBuildFile; productRef = 3E92FC2D2C2DA73A00989B12 /* Alamofire */; };
		3E92FC302C2DA73A00989B12 /* AlamofireDynamic in Frameworks */ = {isa = PBXBuildFile; productRef = 3E92FC2F2C2DA73A00989B12 /* AlamofireDynamic */; };
/* End PBXBuildFile section */

/* Begin PBXContainerItemProxy section */
		3E92FC052C208C4F00989B12 /* PBXContainerItemProxy */ = {
			isa = PBXContainerItemProxy;
			containerPortal = 3E92FBE32C208C4E00989B12 /* Project object */;
			proxyType = 1;
			remoteGlobalIDString = 3E92FBEA2C208C4E00989B12;
			remoteInfo = Reciplease;
		};
		3E92FC0F2C208C4F00989B12 /* PBXContainerItemProxy */ = {
			isa = PBXContainerItemProxy;
			containerPortal = 3E92FBE32C208C4E00989B12 /* Project object */;
			proxyType = 1;
			remoteGlobalIDString = 3E92FBEA2C208C4E00989B12;
			remoteInfo = Reciplease;
		};
/* End PBXContainerItemProxy section */

/* Begin PBXFileReference section */
		3E92FBEB2C208C4E00989B12 /* Reciplease.app */ = {isa = PBXFileReference; explicitFileType = wrapper.application; includeInIndex = 0; path = Reciplease.app; sourceTree = BUILT_PRODUCTS_DIR; };
		3E92FBEE2C208C4E00989B12 /* AppDelegate.swift */ = {isa = PBXFileReference; lastKnownFileType = sourcecode.swift; path = AppDelegate.swift; sourceTree = "<group>"; };
		3E92FBF02C208C4E00989B12 /* SceneDelegate.swift */ = {isa = PBXFileReference; lastKnownFileType = sourcecode.swift; path = SceneDelegate.swift; sourceTree = "<group>"; };
		3E92FBF52C208C4E00989B12 /* Base */ = {isa = PBXFileReference; lastKnownFileType = file.storyboard; name = Base; path = Base.lproj/Main.storyboard; sourceTree = "<group>"; };
		3E92FBF82C208C4E00989B12 /* Reciplease.xcdatamodel */ = {isa = PBXFileReference; lastKnownFileType = wrapper.xcdatamodel; path = Reciplease.xcdatamodel; sourceTree = "<group>"; };
		3E92FBFA2C208C4F00989B12 /* Assets.xcassets */ = {isa = PBXFileReference; lastKnownFileType = folder.assetcatalog; path = Assets.xcassets; sourceTree = "<group>"; };
		3E92FBFD2C208C4F00989B12 /* Base */ = {isa = PBXFileReference; lastKnownFileType = file.storyboard; name = Base; path = Base.lproj/LaunchScreen.storyboard; sourceTree = "<group>"; };
		3E92FBFF2C208C4F00989B12 /* Info.plist */ = {isa = PBXFileReference; lastKnownFileType = text.plist.xml; path = Info.plist; sourceTree = "<group>"; };
		3E92FC042C208C4F00989B12 /* RecipleaseTests.xctest */ = {isa = PBXFileReference; explicitFileType = wrapper.cfbundle; includeInIndex = 0; path = RecipleaseTests.xctest; sourceTree = BUILT_PRODUCTS_DIR; };
		3E92FC082C208C4F00989B12 /* RecipleaseTests.swift */ = {isa = PBXFileReference; lastKnownFileType = sourcecode.swift; path = RecipleaseTests.swift; sourceTree = "<group>"; };
		3E92FC0E2C208C4F00989B12 /* RecipleaseUITests.xctest */ = {isa = PBXFileReference; explicitFileType = wrapper.cfbundle; includeInIndex = 0; path = RecipleaseUITests.xctest; sourceTree = BUILT_PRODUCTS_DIR; };
		3E92FC122C208C4F00989B12 /* RecipleaseUITests.swift */ = {isa = PBXFileReference; lastKnownFileType = sourcecode.swift; path = RecipleaseUITests.swift; sourceTree = "<group>"; };
		3E92FC142C208C4F00989B12 /* RecipleaseUITestsLaunchTests.swift */ = {isa = PBXFileReference; lastKnownFileType = sourcecode.swift; path = RecipleaseUITestsLaunchTests.swift; sourceTree = "<group>"; };
		3E92FC262C2D6CE600989B12 /* searchViewController.swift */ = {isa = PBXFileReference; lastKnownFileType = sourcecode.swift; path = searchViewController.swift; sourceTree = "<group>"; };
		3E92FC282C2D6CFD00989B12 /* favoriteViewController.swift */ = {isa = PBXFileReference; lastKnownFileType = sourcecode.swift; path = favoriteViewController.swift; sourceTree = "<group>"; };
		3E92FC2A2C2DA0B100989B12 /* RecipeService.swift */ = {isa = PBXFileReference; lastKnownFileType = sourcecode.swift; path = RecipeService.swift; sourceTree = "<group>"; };
/* End PBXFileReference section */

/* Begin PBXFrameworksBuildPhase section */
		3E92FBE82C208C4E00989B12 /* Frameworks */ = {
			isa = PBXFrameworksBuildPhase;
			buildActionMask = 2147483647;
			files = (
				3E92FC2E2C2DA73A00989B12 /* Alamofire in Frameworks */,
				3E92FC302C2DA73A00989B12 /* AlamofireDynamic in Frameworks */,
			);
			runOnlyForDeploymentPostprocessing = 0;
		};
		3E92FC012C208C4F00989B12 /* Frameworks */ = {
			isa = PBXFrameworksBuildPhase;
			buildActionMask = 2147483647;
			files = (
			);
			runOnlyForDeploymentPostprocessing = 0;
		};
		3E92FC0B2C208C4F00989B12 /* Frameworks */ = {
			isa = PBXFrameworksBuildPhase;
			buildActionMask = 2147483647;
			files = (
			);
			runOnlyForDeploymentPostprocessing = 0;
		};
/* End PBXFrameworksBuildPhase section */

/* Begin PBXGroup section */
		3E92FBE22C208C4E00989B12 = {
			isa = PBXGroup;
			children = (
				3E92FBED2C208C4E00989B12 /* Reciplease */,
				3E92FC072C208C4F00989B12 /* RecipleaseTests */,
				3E92FC112C208C4F00989B12 /* RecipleaseUITests */,
				3E92FBEC2C208C4E00989B12 /* Products */,
			);
			sourceTree = "<group>";
		};
		3E92FBEC2C208C4E00989B12 /* Products */ = {
			isa = PBXGroup;
			children = (
				3E92FBEB2C208C4E00989B12 /* Reciplease.app */,
				3E92FC042C208C4F00989B12 /* RecipleaseTests.xctest */,
				3E92FC0E2C208C4F00989B12 /* RecipleaseUITests.xctest */,
			);
			name = Products;
			sourceTree = "<group>";
		};
		3E92FBED2C208C4E00989B12 /* Reciplease */ = {
			isa = PBXGroup;
			children = (
				3E92FC252C2D5CB400989B12 /* utils */,
				3E92FC242C2D5C8F00989B12 /* Controller */,
				3E92FC232C2D5C8400989B12 /* View */,
				3E92FC222C2D5C7900989B12 /* Model */,
				3E92FBFF2C208C4F00989B12 /* Info.plist */,
				3E92FBF72C208C4E00989B12 /* Reciplease.xcdatamodeld */,
			);
			path = Reciplease;
			sourceTree = "<group>";
		};
		3E92FC072C208C4F00989B12 /* RecipleaseTests */ = {
			isa = PBXGroup;
			children = (
				3E92FC082C208C4F00989B12 /* RecipleaseTests.swift */,
			);
			path = RecipleaseTests;
			sourceTree = "<group>";
		};
		3E92FC112C208C4F00989B12 /* RecipleaseUITests */ = {
			isa = PBXGroup;
			children = (
				3E92FC122C208C4F00989B12 /* RecipleaseUITests.swift */,
				3E92FC142C208C4F00989B12 /* RecipleaseUITestsLaunchTests.swift */,
			);
			path = RecipleaseUITests;
			sourceTree = "<group>";
		};
		3E92FC222C2D5C7900989B12 /* Model */ = {
			isa = PBXGroup;
			children = (
				3E92FC2A2C2DA0B100989B12 /* RecipeService.swift */,
			);
			path = Model;
			sourceTree = "<group>";
		};
		3E92FC232C2D5C8400989B12 /* View */ = {
			isa = PBXGroup;
			children = (
				3E92FBFC2C208C4F00989B12 /* LaunchScreen.storyboard */,
				3E92FBF42C208C4E00989B12 /* Main.storyboard */,
				3E92FBF02C208C4E00989B12 /* SceneDelegate.swift */,
				3E92FBEE2C208C4E00989B12 /* AppDelegate.swift */,
			);
			path = View;
			sourceTree = "<group>";
		};
		3E92FC242C2D5C8F00989B12 /* Controller */ = {
			isa = PBXGroup;
			children = (
				3E92FC262C2D6CE600989B12 /* searchViewController.swift */,
				3E92FC282C2D6CFD00989B12 /* favoriteViewController.swift */,
			);
			path = Controller;
			sourceTree = "<group>";
		};
		3E92FC252C2D5CB400989B12 /* utils */ = {
			isa = PBXGroup;
			children = (
				3E92FBFA2C208C4F00989B12 /* Assets.xcassets */,
			);
			path = utils;
			sourceTree = "<group>";
		};
/* End PBXGroup section */

/* Begin PBXNativeTarget section */
		3E92FBEA2C208C4E00989B12 /* Reciplease */ = {
			isa = PBXNativeTarget;
			buildConfigurationList = 3E92FC182C208C4F00989B12 /* Build configuration list for PBXNativeTarget "Reciplease" */;
			buildPhases = (
				3E92FBE72C208C4E00989B12 /* Sources */,
				3E92FBE82C208C4E00989B12 /* Frameworks */,
				3E92FBE92C208C4E00989B12 /* Resources */,
			);
			buildRules = (
			);
			dependencies = (
			);
			name = Reciplease;
			packageProductDependencies = (
				3E92FC2D2C2DA73A00989B12 /* Alamofire */,
				3E92FC2F2C2DA73A00989B12 /* AlamofireDynamic */,
			);
			productName = Reciplease;
			productReference = 3E92FBEB2C208C4E00989B12 /* Reciplease.app */;
			productType = "com.apple.product-type.application";
		};
		3E92FC032C208C4F00989B12 /* RecipleaseTests */ = {
			isa = PBXNativeTarget;
			buildConfigurationList = 3E92FC1B2C208C4F00989B12 /* Build configuration list for PBXNativeTarget "RecipleaseTests" */;
			buildPhases = (
				3E92FC002C208C4F00989B12 /* Sources */,
				3E92FC012C208C4F00989B12 /* Frameworks */,
				3E92FC022C208C4F00989B12 /* Resources */,
			);
			buildRules = (
			);
			dependencies = (
				3E92FC062C208C4F00989B12 /* PBXTargetDependency */,
			);
			name = RecipleaseTests;
			productName = RecipleaseTests;
			productReference = 3E92FC042C208C4F00989B12 /* RecipleaseTests.xctest */;
			productType = "com.apple.product-type.bundle.unit-test";
		};
		3E92FC0D2C208C4F00989B12 /* RecipleaseUITests */ = {
			isa = PBXNativeTarget;
			buildConfigurationList = 3E92FC1E2C208C4F00989B12 /* Build configuration list for PBXNativeTarget "RecipleaseUITests" */;
			buildPhases = (
				3E92FC0A2C208C4F00989B12 /* Sources */,
				3E92FC0B2C208C4F00989B12 /* Frameworks */,
				3E92FC0C2C208C4F00989B12 /* Resources */,
			);
			buildRules = (
			);
			dependencies = (
				3E92FC102C208C4F00989B12 /* PBXTargetDependency */,
			);
			name = RecipleaseUITests;
			productName = RecipleaseUITests;
			productReference = 3E92FC0E2C208C4F00989B12 /* RecipleaseUITests.xctest */;
			productType = "com.apple.product-type.bundle.ui-testing";
		};
/* End PBXNativeTarget section */

/* Begin PBXProject section */
		3E92FBE32C208C4E00989B12 /* Project object */ = {
			isa = PBXProject;
			attributes = {
				BuildIndependentTargetsInParallel = 1;
				LastSwiftUpdateCheck = 1540;
				LastUpgradeCheck = 1540;
				TargetAttributes = {
					3E92FBEA2C208C4E00989B12 = {
						CreatedOnToolsVersion = 15.4;
					};
					3E92FC032C208C4F00989B12 = {
						CreatedOnToolsVersion = 15.4;
						TestTargetID = 3E92FBEA2C208C4E00989B12;
					};
					3E92FC0D2C208C4F00989B12 = {
						CreatedOnToolsVersion = 15.4;
						TestTargetID = 3E92FBEA2C208C4E00989B12;
					};
				};
			};
			buildConfigurationList = 3E92FBE62C208C4E00989B12 /* Build configuration list for PBXProject "Reciplease" */;
			compatibilityVersion = "Xcode 14.0";
			developmentRegion = en;
			hasScannedForEncodings = 0;
			knownRegions = (
				en,
				Base,
			);
			mainGroup = 3E92FBE22C208C4E00989B12;
			packageReferences = (
				3E92FC2C2C2DA73A00989B12 /* XCRemoteSwiftPackageReference "Alamofire" */,
			);
			productRefGroup = 3E92FBEC2C208C4E00989B12 /* Products */;
			projectDirPath = "";
			projectRoot = "";
			targets = (
				3E92FBEA2C208C4E00989B12 /* Reciplease */,
				3E92FC032C208C4F00989B12 /* RecipleaseTests */,
				3E92FC0D2C208C4F00989B12 /* RecipleaseUITests */,
			);
		};
/* End PBXProject section */

/* Begin PBXResourcesBuildPhase section */
		3E92FBE92C208C4E00989B12 /* Resources */ = {
			isa = PBXResourcesBuildPhase;
			buildActionMask = 2147483647;
			files = (
				3E92FBFB2C208C4F00989B12 /* Assets.xcassets in Resources */,
				3E92FBFE2C208C4F00989B12 /* Base in Resources */,
				3E92FBF62C208C4E00989B12 /* Base in Resources */,
			);
			runOnlyForDeploymentPostprocessing = 0;
		};
		3E92FC022C208C4F00989B12 /* Resources */ = {
			isa = PBXResourcesBuildPhase;
			buildActionMask = 2147483647;
			files = (
			);
			runOnlyForDeploymentPostprocessing = 0;
		};
		3E92FC0C2C208C4F00989B12 /* Resources */ = {
			isa = PBXResourcesBuildPhase;
			buildActionMask = 2147483647;
			files = (
			);
			runOnlyForDeploymentPostprocessing = 0;
		};
/* End PBXResourcesBuildPhase section */

/* Begin PBXSourcesBuildPhase section */
		3E92FBE72C208C4E00989B12 /* Sources */ = {
			isa = PBXSourcesBuildPhase;
			buildActionMask = 2147483647;
			files = (
				3E92FBF92C208C4E00989B12 /* Reciplease.xcdatamodeld in Sources */,
				3E92FC2B2C2DA0B100989B12 /* RecipeService.swift in Sources */,
				3E92FBEF2C208C4E00989B12 /* AppDelegate.swift in Sources */,
				3E92FC292C2D6CFD00989B12 /* favoriteViewController.swift in Sources */,
				3E92FC272C2D6CE600989B12 /* searchViewController.swift in Sources */,
				3E92FBF12C208C4E00989B12 /* SceneDelegate.swift in Sources */,
			);
			runOnlyForDeploymentPostprocessing = 0;
		};
		3E92FC002C208C4F00989B12 /* Sources */ = {
			isa = PBXSourcesBuildPhase;
			buildActionMask = 2147483647;
			files = (
				3E92FC092C208C4F00989B12 /* RecipleaseTests.swift in Sources */,
			);
			runOnlyForDeploymentPostprocessing = 0;
		};
		3E92FC0A2C208C4F00989B12 /* Sources */ = {
			isa = PBXSourcesBuildPhase;
			buildActionMask = 2147483647;
			files = (
				3E92FC132C208C4F00989B12 /* RecipleaseUITests.swift in Sources */,
				3E92FC152C208C4F00989B12 /* RecipleaseUITestsLaunchTests.swift in Sources */,
			);
			runOnlyForDeploymentPostprocessing = 0;
		};
/* End PBXSourcesBuildPhase section */

/* Begin PBXTargetDependency section */
		3E92FC062C208C4F00989B12 /* PBXTargetDependency */ = {
			isa = PBXTargetDependency;
			target = 3E92FBEA2C208C4E00989B12 /* Reciplease */;
			targetProxy = 3E92FC052C208C4F00989B12 /* PBXContainerItemProxy */;
		};
		3E92FC102C208C4F00989B12 /* PBXTargetDependency */ = {
			isa = PBXTargetDependency;
			target = 3E92FBEA2C208C4E00989B12 /* Reciplease */;
			targetProxy = 3E92FC0F2C208C4F00989B12 /* PBXContainerItemProxy */;
		};
/* End PBXTargetDependency section */

/* Begin PBXVariantGroup section */
		3E92FBF42C208C4E00989B12 /* Main.storyboard */ = {
			isa = PBXVariantGroup;
			children = (
				3E92FBF52C208C4E00989B12 /* Base */,
			);
			name = Main.storyboard;
			sourceTree = "<group>";
		};
		3E92FBFC2C208C4F00989B12 /* LaunchScreen.storyboard */ = {
			isa = PBXVariantGroup;
			children = (
				3E92FBFD2C208C4F00989B12 /* Base */,
			);
			name = LaunchScreen.storyboard;
			sourceTree = "<group>";
		};
/* End PBXVariantGroup section */

/* Begin XCBuildConfiguration section */
		3E92FC162C208C4F00989B12 /* Debug */ = {
			isa = XCBuildConfiguration;
			buildSettings = {
				ALWAYS_SEARCH_USER_PATHS = NO;
				ASSETCATALOG_COMPILER_GENERATE_SWIFT_ASSET_SYMBOL_EXTENSIONS = YES;
				CLANG_ANALYZER_NONNULL = YES;
				CLANG_ANALYZER_NUMBER_OBJECT_CONVERSION = YES_AGGRESSIVE;
				CLANG_CXX_LANGUAGE_STANDARD = "gnu++20";
				CLANG_ENABLE_MODULES = YES;
				CLANG_ENABLE_OBJC_ARC = YES;
				CLANG_ENABLE_OBJC_WEAK = YES;
				CLANG_WARN_BLOCK_CAPTURE_AUTORELEASING = YES;
				CLANG_WARN_BOOL_CONVERSION = YES;
				CLANG_WARN_COMMA = YES;
				CLANG_WARN_CONSTANT_CONVERSION = YES;
				CLANG_WARN_DEPRECATED_OBJC_IMPLEMENTATIONS = YES;
				CLANG_WARN_DIRECT_OBJC_ISA_USAGE = YES_ERROR;
				CLANG_WARN_DOCUMENTATION_COMMENTS = YES;
				CLANG_WARN_EMPTY_BODY = YES;
				CLANG_WARN_ENUM_CONVERSION = YES;
				CLANG_WARN_INFINITE_RECURSION = YES;
				CLANG_WARN_INT_CONVERSION = YES;
				CLANG_WARN_NON_LITERAL_NULL_CONVERSION = YES;
				CLANG_WARN_OBJC_IMPLICIT_RETAIN_SELF = YES;
				CLANG_WARN_OBJC_LITERAL_CONVERSION = YES;
				CLANG_WARN_OBJC_ROOT_CLASS = YES_ERROR;
				CLANG_WARN_QUOTED_INCLUDE_IN_FRAMEWORK_HEADER = YES;
				CLANG_WARN_RANGE_LOOP_ANALYSIS = YES;
				CLANG_WARN_STRICT_PROTOTYPES = YES;
				CLANG_WARN_SUSPICIOUS_MOVE = YES;
				CLANG_WARN_UNGUARDED_AVAILABILITY = YES_AGGRESSIVE;
				CLANG_WARN_UNREACHABLE_CODE = YES;
				CLANG_WARN__DUPLICATE_METHOD_MATCH = YES;
				COPY_PHASE_STRIP = NO;
				DEBUG_INFORMATION_FORMAT = dwarf;
				ENABLE_STRICT_OBJC_MSGSEND = YES;
				ENABLE_TESTABILITY = YES;
				ENABLE_USER_SCRIPT_SANDBOXING = YES;
				GCC_C_LANGUAGE_STANDARD = gnu17;
				GCC_DYNAMIC_NO_PIC = NO;
				GCC_NO_COMMON_BLOCKS = YES;
				GCC_OPTIMIZATION_LEVEL = 0;
				GCC_PREPROCESSOR_DEFINITIONS = (
					"DEBUG=1",
					"$(inherited)",
				);
				GCC_WARN_64_TO_32_BIT_CONVERSION = YES;
				GCC_WARN_ABOUT_RETURN_TYPE = YES_ERROR;
				GCC_WARN_UNDECLARED_SELECTOR = YES;
				GCC_WARN_UNINITIALIZED_AUTOS = YES_AGGRESSIVE;
				GCC_WARN_UNUSED_FUNCTION = YES;
				GCC_WARN_UNUSED_VARIABLE = YES;
				IPHONEOS_DEPLOYMENT_TARGET = 17.5;
				LOCALIZATION_PREFERS_STRING_CATALOGS = YES;
				MTL_ENABLE_DEBUG_INFO = INCLUDE_SOURCE;
				MTL_FAST_MATH = YES;
				ONLY_ACTIVE_ARCH = YES;
				SDKROOT = iphoneos;
				SWIFT_ACTIVE_COMPILATION_CONDITIONS = "DEBUG $(inherited)";
				SWIFT_OPTIMIZATION_LEVEL = "-Onone";
			};
			name = Debug;
		};
		3E92FC172C208C4F00989B12 /* Release */ = {
			isa = XCBuildConfiguration;
			buildSettings = {
				ALWAYS_SEARCH_USER_PATHS = NO;
				ASSETCATALOG_COMPILER_GENERATE_SWIFT_ASSET_SYMBOL_EXTENSIONS = YES;
				CLANG_ANALYZER_NONNULL = YES;
				CLANG_ANALYZER_NUMBER_OBJECT_CONVERSION = YES_AGGRESSIVE;
				CLANG_CXX_LANGUAGE_STANDARD = "gnu++20";
				CLANG_ENABLE_MODULES = YES;
				CLANG_ENABLE_OBJC_ARC = YES;
				CLANG_ENABLE_OBJC_WEAK = YES;
				CLANG_WARN_BLOCK_CAPTURE_AUTORELEASING = YES;
				CLANG_WARN_BOOL_CONVERSION = YES;
				CLANG_WARN_COMMA = YES;
				CLANG_WARN_CONSTANT_CONVERSION = YES;
				CLANG_WARN_DEPRECATED_OBJC_IMPLEMENTATIONS = YES;
				CLANG_WARN_DIRECT_OBJC_ISA_USAGE = YES_ERROR;
				CLANG_WARN_DOCUMENTATION_COMMENTS = YES;
				CLANG_WARN_EMPTY_BODY = YES;
				CLANG_WARN_ENUM_CONVERSION = YES;
				CLANG_WARN_INFINITE_RECURSION = YES;
				CLANG_WARN_INT_CONVERSION = YES;
				CLANG_WARN_NON_LITERAL_NULL_CONVERSION = YES;
				CLANG_WARN_OBJC_IMPLICIT_RETAIN_SELF = YES;
				CLANG_WARN_OBJC_LITERAL_CONVERSION = YES;
				CLANG_WARN_OBJC_ROOT_CLASS = YES_ERROR;
				CLANG_WARN_QUOTED_INCLUDE_IN_FRAMEWORK_HEADER = YES;
				CLANG_WARN_RANGE_LOOP_ANALYSIS = YES;
				CLANG_WARN_STRICT_PROTOTYPES = YES;
				CLANG_WARN_SUSPICIOUS_MOVE = YES;
				CLANG_WARN_UNGUARDED_AVAILABILITY = YES_AGGRESSIVE;
				CLANG_WARN_UNREACHABLE_CODE = YES;
				CLANG_WARN__DUPLICATE_METHOD_MATCH = YES;
				COPY_PHASE_STRIP = NO;
				DEBUG_INFORMATION_FORMAT = "dwarf-with-dsym";
				ENABLE_NS_ASSERTIONS = NO;
				ENABLE_STRICT_OBJC_MSGSEND = YES;
				ENABLE_USER_SCRIPT_SANDBOXING = YES;
				GCC_C_LANGUAGE_STANDARD = gnu17;
				GCC_NO_COMMON_BLOCKS = YES;
				GCC_WARN_64_TO_32_BIT_CONVERSION = YES;
				GCC_WARN_ABOUT_RETURN_TYPE = YES_ERROR;
				GCC_WARN_UNDECLARED_SELECTOR = YES;
				GCC_WARN_UNINITIALIZED_AUTOS = YES_AGGRESSIVE;
				GCC_WARN_UNUSED_FUNCTION = YES;
				GCC_WARN_UNUSED_VARIABLE = YES;
				IPHONEOS_DEPLOYMENT_TARGET = 17.5;
				LOCALIZATION_PREFERS_STRING_CATALOGS = YES;
				MTL_ENABLE_DEBUG_INFO = NO;
				MTL_FAST_MATH = YES;
				SDKROOT = iphoneos;
				SWIFT_COMPILATION_MODE = wholemodule;
				VALIDATE_PRODUCT = YES;
			};
			name = Release;
		};
		3E92FC192C208C4F00989B12 /* Debug */ = {
			isa = XCBuildConfiguration;
			buildSettings = {
				ASSETCATALOG_COMPILER_APPICON_NAME = AppIcon;
				ASSETCATALOG_COMPILER_GLOBAL_ACCENT_COLOR_NAME = AccentColor;
				CODE_SIGN_STYLE = Automatic;
				CURRENT_PROJECT_VERSION = 1;
				DEVELOPMENT_TEAM = VRA2ZFJM88;
				GENERATE_INFOPLIST_FILE = YES;
				INFOPLIST_FILE = Reciplease/Info.plist;
				INFOPLIST_KEY_UIApplicationSupportsIndirectInputEvents = YES;
				INFOPLIST_KEY_UILaunchStoryboardName = LaunchScreen;
				INFOPLIST_KEY_UIMainStoryboardFile = Main;
				INFOPLIST_KEY_UISupportedInterfaceOrientations_iPad = "UIInterfaceOrientationPortrait UIInterfaceOrientationPortraitUpsideDown UIInterfaceOrientationLandscapeLeft UIInterfaceOrientationLandscapeRight";
				INFOPLIST_KEY_UISupportedInterfaceOrientations_iPhone = "UIInterfaceOrientationPortrait UIInterfaceOrientationLandscapeLeft UIInterfaceOrientationLandscapeRight";
				LD_RUNPATH_SEARCH_PATHS = (
					"$(inherited)",
					"@executable_path/Frameworks",
				);
				MARKETING_VERSION = 1.0;
				PRODUCT_BUNDLE_IDENTIFIER = fr.younesouasmi.Reciplease;
				PRODUCT_NAME = "$(TARGET_NAME)";
				SWIFT_EMIT_LOC_STRINGS = YES;
				SWIFT_VERSION = 5.0;
				TARGETED_DEVICE_FAMILY = "1,2";
			};
			name = Debug;
		};
		3E92FC1A2C208C4F00989B12 /* Release */ = {
			isa = XCBuildConfiguration;
			buildSettings = {
				ASSETCATALOG_COMPILER_APPICON_NAME = AppIcon;
				ASSETCATALOG_COMPILER_GLOBAL_ACCENT_COLOR_NAME = AccentColor;
				CODE_SIGN_STYLE = Automatic;
				CURRENT_PROJECT_VERSION = 1;
				DEVELOPMENT_TEAM = VRA2ZFJM88;
				GENERATE_INFOPLIST_FILE = YES;
				INFOPLIST_FILE = Reciplease/Info.plist;
				INFOPLIST_KEY_UIApplicationSupportsIndirectInputEvents = YES;
				INFOPLIST_KEY_UILaunchStoryboardName = LaunchScreen;
				INFOPLIST_KEY_UIMainStoryboardFile = Main;
				INFOPLIST_KEY_UISupportedInterfaceOrientations_iPad = "UIInterfaceOrientationPortrait UIInterfaceOrientationPortraitUpsideDown UIInterfaceOrientationLandscapeLeft UIInterfaceOrientationLandscapeRight";
				INFOPLIST_KEY_UISupportedInterfaceOrientations_iPhone = "UIInterfaceOrientationPortrait UIInterfaceOrientationLandscapeLeft UIInterfaceOrientationLandscapeRight";
				LD_RUNPATH_SEARCH_PATHS = (
					"$(inherited)",
					"@executable_path/Frameworks",
				);
				MARKETING_VERSION = 1.0;
				PRODUCT_BUNDLE_IDENTIFIER = fr.younesouasmi.Reciplease;
				PRODUCT_NAME = "$(TARGET_NAME)";
				SWIFT_EMIT_LOC_STRINGS = YES;
				SWIFT_VERSION = 5.0;
				TARGETED_DEVICE_FAMILY = "1,2";
			};
			name = Release;
		};
		3E92FC1C2C208C4F00989B12 /* Debug */ = {
			isa = XCBuildConfiguration;
			buildSettings = {
				ALWAYS_EMBED_SWIFT_STANDARD_LIBRARIES = YES;
				BUNDLE_LOADER = "$(TEST_HOST)";
				CODE_SIGN_STYLE = Automatic;
				CURRENT_PROJECT_VERSION = 1;
				DEVELOPMENT_TEAM = VRA2ZFJM88;
				GENERATE_INFOPLIST_FILE = YES;
				IPHONEOS_DEPLOYMENT_TARGET = 17.5;
				MARKETING_VERSION = 1.0;
				PRODUCT_BUNDLE_IDENTIFIER = fr.younesouasmi.RecipleaseTests;
				PRODUCT_NAME = "$(TARGET_NAME)";
				SWIFT_EMIT_LOC_STRINGS = NO;
				SWIFT_VERSION = 5.0;
				TARGETED_DEVICE_FAMILY = "1,2";
				TEST_HOST = "$(BUILT_PRODUCTS_DIR)/Reciplease.app/$(BUNDLE_EXECUTABLE_FOLDER_PATH)/Reciplease";
			};
			name = Debug;
		};
		3E92FC1D2C208C4F00989B12 /* Release */ = {
			isa = XCBuildConfiguration;
			buildSettings = {
				ALWAYS_EMBED_SWIFT_STANDARD_LIBRARIES = YES;
				BUNDLE_LOADER = "$(TEST_HOST)";
				CODE_SIGN_STYLE = Automatic;
				CURRENT_PROJECT_VERSION = 1;
				DEVELOPMENT_TEAM = VRA2ZFJM88;
				GENERATE_INFOPLIST_FILE = YES;
				IPHONEOS_DEPLOYMENT_TARGET = 17.5;
				MARKETING_VERSION = 1.0;
				PRODUCT_BUNDLE_IDENTIFIER = fr.younesouasmi.RecipleaseTests;
				PRODUCT_NAME = "$(TARGET_NAME)";
				SWIFT_EMIT_LOC_STRINGS = NO;
				SWIFT_VERSION = 5.0;
				TARGETED_DEVICE_FAMILY = "1,2";
				TEST_HOST = "$(BUILT_PRODUCTS_DIR)/Reciplease.app/$(BUNDLE_EXECUTABLE_FOLDER_PATH)/Reciplease";
			};
			name = Release;
		};
		3E92FC1F2C208C4F00989B12 /* Debug */ = {
			isa = XCBuildConfiguration;
			buildSettings = {
				ALWAYS_EMBED_SWIFT_STANDARD_LIBRARIES = YES;
				CODE_SIGN_STYLE = Automatic;
				CURRENT_PROJECT_VERSION = 1;
				DEVELOPMENT_TEAM = VRA2ZFJM88;
				GENERATE_INFOPLIST_FILE = YES;
				MARKETING_VERSION = 1.0;
				PRODUCT_BUNDLE_IDENTIFIER = fr.younesouasmi.RecipleaseUITests;
				PRODUCT_NAME = "$(TARGET_NAME)";
				SWIFT_EMIT_LOC_STRINGS = NO;
				SWIFT_VERSION = 5.0;
				TARGETED_DEVICE_FAMILY = "1,2";
				TEST_TARGET_NAME = Reciplease;
			};
			name = Debug;
		};
		3E92FC202C208C4F00989B12 /* Release */ = {
			isa = XCBuildConfiguration;
			buildSettings = {
				ALWAYS_EMBED_SWIFT_STANDARD_LIBRARIES = YES;
				CODE_SIGN_STYLE = Automatic;
				CURRENT_PROJECT_VERSION = 1;
				DEVELOPMENT_TEAM = VRA2ZFJM88;
				GENERATE_INFOPLIST_FILE = YES;
				MARKETING_VERSION = 1.0;
				PRODUCT_BUNDLE_IDENTIFIER = fr.younesouasmi.RecipleaseUITests;
				PRODUCT_NAME = "$(TARGET_NAME)";
				SWIFT_EMIT_LOC_STRINGS = NO;
				SWIFT_VERSION = 5.0;
				TARGETED_DEVICE_FAMILY = "1,2";
				TEST_TARGET_NAME = Reciplease;
			};
			name = Release;
		};
/* End XCBuildConfiguration section */

/* Begin XCConfigurationList section */
		3E92FBE62C208C4E00989B12 /* Build configuration list for PBXProject "Reciplease" */ = {
			isa = XCConfigurationList;
			buildConfigurations = (
				3E92FC162C208C4F00989B12 /* Debug */,
				3E92FC172C208C4F00989B12 /* Release */,
			);
			defaultConfigurationIsVisible = 0;
			defaultConfigurationName = Release;
		};
		3E92FC182C208C4F00989B12 /* Build configuration list for PBXNativeTarget "Reciplease" */ = {
			isa = XCConfigurationList;
			buildConfigurations = (
				3E92FC192C208C4F00989B12 /* Debug */,
				3E92FC1A2C208C4F00989B12 /* Release */,
			);
			defaultConfigurationIsVisible = 0;
			defaultConfigurationName = Release;
		};
		3E92FC1B2C208C4F00989B12 /* Build configuration list for PBXNativeTarget "RecipleaseTests" */ = {
			isa = XCConfigurationList;
			buildConfigurations = (
				3E92FC1C2C208C4F00989B12 /* Debug */,
				3E92FC1D2C208C4F00989B12 /* Release */,
			);
			defaultConfigurationIsVisible = 0;
			defaultConfigurationName = Release;
		};
		3E92FC1E2C208C4F00989B12 /* Build configuration list for PBXNativeTarget "RecipleaseUITests" */ = {
			isa = XCConfigurationList;
			buildConfigurations = (
				3E92FC1F2C208C4F00989B12 /* Debug */,
				3E92FC202C208C4F00989B12 /* Release */,
			);
			defaultConfigurationIsVisible = 0;
			defaultConfigurationName = Release;
		};
/* End XCConfigurationList section */

/* Begin XCRemoteSwiftPackageReference section */
		3E92FC2C2C2DA73A00989B12 /* XCRemoteSwiftPackageReference "Alamofire" */ = {
			isa = XCRemoteSwiftPackageReference;
			repositoryURL = "https://github.com/Alamofire/Alamofire.git";
			requirement = {
				kind = upToNextMajorVersion;
				minimumVersion = 5.9.1;
			};
		};
/* End XCRemoteSwiftPackageReference section */

/* Begin XCSwiftPackageProductDependency section */
		3E92FC2D2C2DA73A00989B12 /* Alamofire */ = {
			isa = XCSwiftPackageProductDependency;
			package = 3E92FC2C2C2DA73A00989B12 /* XCRemoteSwiftPackageReference "Alamofire" */;
			productName = Alamofire;
		};
		3E92FC2F2C2DA73A00989B12 /* AlamofireDynamic */ = {
			isa = XCSwiftPackageProductDependency;
			package = 3E92FC2C2C2DA73A00989B12 /* XCRemoteSwiftPackageReference "Alamofire" */;
			productName = AlamofireDynamic;
		};
/* End XCSwiftPackageProductDependency section */

/* Begin XCVersionGroup section */
		3E92FBF72C208C4E00989B12 /* Reciplease.xcdatamodeld */ = {
			isa = XCVersionGroup;
			children = (
				3E92FBF82C208C4E00989B12 /* Reciplease.xcdatamodel */,
			);
			currentVersion = 3E92FBF82C208C4E00989B12 /* Reciplease.xcdatamodel */;
			path = Reciplease.xcdatamodeld;
			sourceTree = "<group>";
			versionGroupType = wrapper.xcdatamodel;
		};
/* End XCVersionGroup section */
	};
	rootObject = 3E92FBE32C208C4E00989B12 /* Project object */;
}
